// !$*UTF8*$!
{
	archiveVersion = 1;
	classes = {
	};
	objectVersion = 55;
	objects = {

/* Begin PBXBuildFile section */
		550B4BDE29B5B02D00039933 /* AppDelegate.swift in Sources */ = {isa = PBXBuildFile; fileRef = 550B4BDD29B5B02D00039933 /* AppDelegate.swift */; };
		550B4BE029B5B02D00039933 /* SceneDelegate.swift in Sources */ = {isa = PBXBuildFile; fileRef = 550B4BDF29B5B02D00039933 /* SceneDelegate.swift */; };
		550B4BE229B5B02D00039933 /* ViewController.swift in Sources */ = {isa = PBXBuildFile; fileRef = 550B4BE129B5B02D00039933 /* ViewController.swift */; };
		550B4BE529B5B02D00039933 /* Main.storyboard in Resources */ = {isa = PBXBuildFile; fileRef = 550B4BE329B5B02D00039933 /* Main.storyboard */; };
		550B4BE729B5B02E00039933 /* Assets.xcassets in Resources */ = {isa = PBXBuildFile; fileRef = 550B4BE629B5B02E00039933 /* Assets.xcassets */; };
		550B4BEA29B5B02E00039933 /* LaunchScreen.storyboard in Resources */ = {isa = PBXBuildFile; fileRef = 550B4BE829B5B02E00039933 /* LaunchScreen.storyboard */; };
		550B4BF329B5B40F00039933 /* MainCollectionViewCell.swift in Sources */ = {isa = PBXBuildFile; fileRef = 550B4BF129B5B40F00039933 /* MainCollectionViewCell.swift */; };
		550B4BF429B5B40F00039933 /* MainCollectionViewCell.xib in Resources */ = {isa = PBXBuildFile; fileRef = 550B4BF229B5B40F00039933 /* MainCollectionViewCell.xib */; };
		A656C96EEE86014D29141A0D /* Pods_FreeOnBoarding.framework in Frameworks */ = {isa = PBXBuildFile; fileRef = 3350DEF37F13C777D0B5E906 /* Pods_FreeOnBoarding.framework */; };
/* End PBXBuildFile section */

/* Begin PBXFileReference section */
		3350DEF37F13C777D0B5E906 /* Pods_FreeOnBoarding.framework */ = {isa = PBXFileReference; explicitFileType = wrapper.framework; includeInIndex = 0; path = Pods_FreeOnBoarding.framework; sourceTree = BUILT_PRODUCTS_DIR; };
		550B4BDA29B5B02D00039933 /* FreeOnBoarding.app */ = {isa = PBXFileReference; explicitFileType = wrapper.application; includeInIndex = 0; path = FreeOnBoarding.app; sourceTree = BUILT_PRODUCTS_DIR; };
		550B4BDD29B5B02D00039933 /* AppDelegate.swift */ = {isa = PBXFileReference; lastKnownFileType = sourcecode.swift; path = AppDelegate.swift; sourceTree = "<group>"; };
		550B4BDF29B5B02D00039933 /* SceneDelegate.swift */ = {isa = PBXFileReference; lastKnownFileType = sourcecode.swift; path = SceneDelegate.swift; sourceTree = "<group>"; };
		550B4BE129B5B02D00039933 /* ViewController.swift */ = {isa = PBXFileReference; lastKnownFileType = sourcecode.swift; path = ViewController.swift; sourceTree = "<group>"; };
		550B4BE429B5B02D00039933 /* Base */ = {isa = PBXFileReference; lastKnownFileType = file.storyboard; name = Base; path = Base.lproj/Main.storyboard; sourceTree = "<group>"; };
		550B4BE629B5B02E00039933 /* Assets.xcassets */ = {isa = PBXFileReference; lastKnownFileType = folder.assetcatalog; path = Assets.xcassets; sourceTree = "<group>"; };
		550B4BE929B5B02E00039933 /* Base */ = {isa = PBXFileReference; lastKnownFileType = file.storyboard; name = Base; path = Base.lproj/LaunchScreen.storyboard; sourceTree = "<group>"; };
		550B4BEB29B5B02E00039933 /* Info.plist */ = {isa = PBXFileReference; lastKnownFileType = text.plist.xml; path = Info.plist; sourceTree = "<group>"; };
		550B4BF129B5B40F00039933 /* MainCollectionViewCell.swift */ = {isa = PBXFileReference; lastKnownFileType = sourcecode.swift; path = MainCollectionViewCell.swift; sourceTree = "<group>"; };
		550B4BF229B5B40F00039933 /* MainCollectionViewCell.xib */ = {isa = PBXFileReference; lastKnownFileType = file.xib; path = MainCollectionViewCell.xib; sourceTree = "<group>"; };
		68F3916FC0348AB3DDA47EDC /* Pods-FreeOnBoarding.release.xcconfig */ = {isa = PBXFileReference; includeInIndex = 1; lastKnownFileType = text.xcconfig; name = "Pods-FreeOnBoarding.release.xcconfig"; path = "Target Support Files/Pods-FreeOnBoarding/Pods-FreeOnBoarding.release.xcconfig"; sourceTree = "<group>"; };
		CB82F1F806E77DE32628B3DF /* Pods-FreeOnBoarding.debug.xcconfig */ = {isa = PBXFileReference; includeInIndex = 1; lastKnownFileType = text.xcconfig; name = "Pods-FreeOnBoarding.debug.xcconfig"; path = "Target Support Files/Pods-FreeOnBoarding/Pods-FreeOnBoarding.debug.xcconfig"; sourceTree = "<group>"; };
/* End PBXFileReference section */

/* Begin PBXFrameworksBuildPhase section */
		550B4BD729B5B02D00039933 /* Frameworks */ = {
			isa = PBXFrameworksBuildPhase;
			buildActionMask = 2147483647;
			files = (
				A656C96EEE86014D29141A0D /* Pods_FreeOnBoarding.framework in Frameworks */,
			);
			runOnlyForDeploymentPostprocessing = 0;
		};
/* End PBXFrameworksBuildPhase section */

/* Begin PBXGroup section */
		34056D6BE832597EF0E87A5B /* Pods */ = {
			isa = PBXGroup;
			children = (
				CB82F1F806E77DE32628B3DF /* Pods-FreeOnBoarding.debug.xcconfig */,
				68F3916FC0348AB3DDA47EDC /* Pods-FreeOnBoarding.release.xcconfig */,
			);
			name = Pods;
			path = Pods;
			sourceTree = "<group>";
		};
		550B4BD129B5B02D00039933 = {
			isa = PBXGroup;
			children = (
				550B4BDC29B5B02D00039933 /* FreeOnBoarding */,
				550B4BDB29B5B02D00039933 /* Products */,
				34056D6BE832597EF0E87A5B /* Pods */,
				F50696156FED3F6DB7511D33 /* Frameworks */,
			);
			sourceTree = "<group>";
		};
		550B4BDB29B5B02D00039933 /* Products */ = {
			isa = PBXGroup;
			children = (
				550B4BDA29B5B02D00039933 /* FreeOnBoarding.app */,
			);
			name = Products;
			sourceTree = "<group>";
		};
		550B4BDC29B5B02D00039933 /* FreeOnBoarding */ = {
			isa = PBXGroup;
			children = (
				550B4BDD29B5B02D00039933 /* AppDelegate.swift */,
				550B4BDF29B5B02D00039933 /* SceneDelegate.swift */,
				550B4BE129B5B02D00039933 /* ViewController.swift */,
				550B4BE329B5B02D00039933 /* Main.storyboard */,
				550B4BF129B5B40F00039933 /* MainCollectionViewCell.swift */,
				550B4BF229B5B40F00039933 /* MainCollectionViewCell.xib */,
				550B4BE629B5B02E00039933 /* Assets.xcassets */,
				550B4BE829B5B02E00039933 /* LaunchScreen.storyboard */,
				550B4BEB29B5B02E00039933 /* Info.plist */,
			);
			path = FreeOnBoarding;
			sourceTree = "<group>";
		};
		F50696156FED3F6DB7511D33 /* Frameworks */ = {
			isa = PBXGroup;
			children = (
				3350DEF37F13C777D0B5E906 /* Pods_FreeOnBoarding.framework */,
			);
			name = Frameworks;
			sourceTree = "<group>";
		};
/* End PBXGroup section */

/* Begin PBXNativeTarget section */
		550B4BD929B5B02D00039933 /* FreeOnBoarding */ = {
			isa = PBXNativeTarget;
			buildConfigurationList = 550B4BEE29B5B02E00039933 /* Build configuration list for PBXNativeTarget "FreeOnBoarding" */;
			buildPhases = (
				17B88496445E91673CD7F376 /* [CP] Check Pods Manifest.lock */,
				550B4BD629B5B02D00039933 /* Sources */,
				550B4BD729B5B02D00039933 /* Frameworks */,
				550B4BD829B5B02D00039933 /* Resources */,
				E840923A0A679701C73B0554 /* [CP] Embed Pods Frameworks */,
			);
			buildRules = (
			);
			dependencies = (
			);
			name = FreeOnBoarding;
			productName = FreeOnBoarding;
			productReference = 550B4BDA29B5B02D00039933 /* FreeOnBoarding.app */;
			productType = "com.apple.product-type.application";
		};
/* End PBXNativeTarget section */

/* Begin PBXProject section */
		550B4BD229B5B02D00039933 /* Project object */ = {
			isa = PBXProject;
			attributes = {
				BuildIndependentTargetsInParallel = 1;
				LastSwiftUpdateCheck = 1420;
				LastUpgradeCheck = 1420;
				TargetAttributes = {
					550B4BD929B5B02D00039933 = {
						CreatedOnToolsVersion = 14.2;
					};
				};
			};
			buildConfigurationList = 550B4BD529B5B02D00039933 /* Build configuration list for PBXProject "FreeOnBoarding" */;
			compatibilityVersion = "Xcode 13.0";
			developmentRegion = en;
			hasScannedForEncodings = 0;
			knownRegions = (
				en,
				Base,
			);
			mainGroup = 550B4BD129B5B02D00039933;
			productRefGroup = 550B4BDB29B5B02D00039933 /* Products */;
			projectDirPath = "";
			projectRoot = "";
			targets = (
				550B4BD929B5B02D00039933 /* FreeOnBoarding */,
			);
		};
/* End PBXProject section */

/* Begin PBXResourcesBuildPhase section */
		550B4BD829B5B02D00039933 /* Resources */ = {
			isa = PBXResourcesBuildPhase;
			buildActionMask = 2147483647;
			files = (
				550B4BEA29B5B02E00039933 /* LaunchScreen.storyboard in Resources */,
				550B4BE729B5B02E00039933 /* Assets.xcassets in Resources */,
				550B4BE529B5B02D00039933 /* Main.storyboard in Resources */,
				550B4BF429B5B40F00039933 /* MainCollectionViewCell.xib in Resources */,
			);
			runOnlyForDeploymentPostprocessing = 0;
		};
/* End PBXResourcesBuildPhase section */

/* Begin PBXShellScriptBuildPhase section */
		17B88496445E91673CD7F376 /* [CP] Check Pods Manifest.lock */ = {
			isa = PBXShellScriptBuildPhase;
			buildActionMask = 2147483647;
			files = (
			);
			inputFileListPaths = (
			);
			inputPaths = (
				"${PODS_PODFILE_DIR_PATH}/Podfile.lock",
				"${PODS_ROOT}/Manifest.lock",
			);
			name = "[CP] Check Pods Manifest.lock";
			outputFileListPaths = (
			);
			outputPaths = (
				"$(DERIVED_FILE_DIR)/Pods-FreeOnBoarding-checkManifestLockResult.txt",
			);
			runOnlyForDeploymentPostprocessing = 0;
			shellPath = /bin/sh;
			shellScript = "diff \"${PODS_PODFILE_DIR_PATH}/Podfile.lock\" \"${PODS_ROOT}/Manifest.lock\" > /dev/null\nif [ $? != 0 ] ; then\n    # print error to STDERR\n    echo \"error: The sandbox is not in sync with the Podfile.lock. Run 'pod install' or update your CocoaPods installation.\" >&2\n    exit 1\nfi\n# This output is used by Xcode 'outputs' to avoid re-running this script phase.\necho \"SUCCESS\" > \"${SCRIPT_OUTPUT_FILE_0}\"\n";
			showEnvVarsInLog = 0;
		};
		E840923A0A679701C73B0554 /* [CP] Embed Pods Frameworks */ = {
			isa = PBXShellScriptBuildPhase;
			buildActionMask = 2147483647;
			files = (
			);
			inputFileListPaths = (
				"${PODS_ROOT}/Target Support Files/Pods-FreeOnBoarding/Pods-FreeOnBoarding-frameworks-${CONFIGURATION}-input-files.xcfilelist",
			);
			name = "[CP] Embed Pods Frameworks";
			outputFileListPaths = (
				"${PODS_ROOT}/Target Support Files/Pods-FreeOnBoarding/Pods-FreeOnBoarding-frameworks-${CONFIGURATION}-output-files.xcfilelist",
			);
			runOnlyForDeploymentPostprocessing = 0;
			shellPath = /bin/sh;
			shellScript = "\"${PODS_ROOT}/Target Support Files/Pods-FreeOnBoarding/Pods-FreeOnBoarding-frameworks.sh\"\n";
			showEnvVarsInLog = 0;
		};
/* End PBXShellScriptBuildPhase section */

/* Begin PBXSourcesBuildPhase section */
		550B4BD629B5B02D00039933 /* Sources */ = {
			isa = PBXSourcesBuildPhase;
			buildActionMask = 2147483647;
			files = (
				550B4BE229B5B02D00039933 /* ViewController.swift in Sources */,
				550B4BDE29B5B02D00039933 /* AppDelegate.swift in Sources */,
				550B4BE029B5B02D00039933 /* SceneDelegate.swift in Sources */,
				550B4BF329B5B40F00039933 /* MainCollectionViewCell.swift in Sources */,
			);
			runOnlyForDeploymentPostprocessing = 0;
		};
/* End PBXSourcesBuildPhase section */

/* Begin PBXVariantGroup section */
		550B4BE329B5B02D00039933 /* Main.storyboard */ = {
			isa = PBXVariantGroup;
			children = (
				550B4BE429B5B02D00039933 /* Base */,
			);
			name = Main.storyboard;
			sourceTree = "<group>";
		};
		550B4BE829B5B02E00039933 /* LaunchScreen.storyboard */ = {
			isa = PBXVariantGroup;
			children = (
				550B4BE929B5B02E00039933 /* Base */,
			);
			name = LaunchScreen.storyboard;
			sourceTree = "<group>";
		};
/* End PBXVariantGroup section */

/* Begin XCBuildConfiguration section */
		550B4BEC29B5B02E00039933 /* Debug */ = {
			isa = XCBuildConfiguration;
			buildSettings = {
				ALWAYS_SEARCH_USER_PATHS = NO;
				CLANG_ANALYZER_NONNULL = YES;
				CLANG_ANALYZER_NUMBER_OBJECT_CONVERSION = YES_AGGRESSIVE;
				CLANG_CXX_LANGUAGE_STANDARD = "gnu++20";
				CLANG_ENABLE_MODULES = YES;
				CLANG_ENABLE_OBJC_ARC = YES;
				CLANG_ENABLE_OBJC_WEAK = YES;
				CLANG_WARN_BLOCK_CAPTURE_AUTORELEASING = YES;
				CLANG_WARN_BOOL_CONVERSION = YES;
				CLANG_WARN_COMMA = YES;
				CLANG_WARN_CONSTANT_CONVERSION = YES;
				CLANG_WARN_DEPRECATED_OBJC_IMPLEMENTATIONS = YES;
				CLANG_WARN_DIRECT_OBJC_ISA_USAGE = YES_ERROR;
				CLANG_WARN_DOCUMENTATION_COMMENTS = YES;
				CLANG_WARN_EMPTY_BODY = YES;
				CLANG_WARN_ENUM_CONVERSION = YES;
				CLANG_WARN_INFINITE_RECURSION = YES;
				CLANG_WARN_INT_CONVERSION = YES;
				CLANG_WARN_NON_LITERAL_NULL_CONVERSION = YES;
				CLANG_WARN_OBJC_IMPLICIT_RETAIN_SELF = YES;
				CLANG_WARN_OBJC_LITERAL_CONVERSION = YES;
				CLANG_WARN_OBJC_ROOT_CLASS = YES_ERROR;
				CLANG_WARN_QUOTED_INCLUDE_IN_FRAMEWORK_HEADER = YES;
				CLANG_WARN_RANGE_LOOP_ANALYSIS = YES;
				CLANG_WARN_STRICT_PROTOTYPES = YES;
				CLANG_WARN_SUSPICIOUS_MOVE = YES;
				CLANG_WARN_UNGUARDED_AVAILABILITY = YES_AGGRESSIVE;
				CLANG_WARN_UNREACHABLE_CODE = YES;
				CLANG_WARN__DUPLICATE_METHOD_MATCH = YES;
				COPY_PHASE_STRIP = NO;
				DEBUG_INFORMATION_FORMAT = dwarf;
				ENABLE_STRICT_OBJC_MSGSEND = YES;
				ENABLE_TESTABILITY = YES;
				GCC_C_LANGUAGE_STANDARD = gnu11;
				GCC_DYNAMIC_NO_PIC = NO;
				GCC_NO_COMMON_BLOCKS = YES;
				GCC_OPTIMIZATION_LEVEL = 0;
				GCC_PREPROCESSOR_DEFINITIONS = (
					"DEBUG=1",
					"$(inherited)",
				);
				GCC_WARN_64_TO_32_BIT_CONVERSION = YES;
				GCC_WARN_ABOUT_RETURN_TYPE = YES_ERROR;
				GCC_WARN_UNDECLARED_SELECTOR = YES;
				GCC_WARN_UNINITIALIZED_AUTOS = YES_AGGRESSIVE;
				GCC_WARN_UNUSED_FUNCTION = YES;
				GCC_WARN_UNUSED_VARIABLE = YES;
				IPHONEOS_DEPLOYMENT_TARGET = 16.2;
				MTL_ENABLE_DEBUG_INFO = INCLUDE_SOURCE;
				MTL_FAST_MATH = YES;
				ONLY_ACTIVE_ARCH = YES;
				SDKROOT = iphoneos;
				SWIFT_ACTIVE_COMPILATION_CONDITIONS = DEBUG;
				SWIFT_OPTIMIZATION_LEVEL = "-Onone";
			};
			name = Debug;
		};
		550B4BED29B5B02E00039933 /* Release */ = {
			isa = XCBuildConfiguration;
			buildSettings = {
				ALWAYS_SEARCH_USER_PATHS = NO;
				CLANG_ANALYZER_NONNULL = YES;
				CLANG_ANALYZER_NUMBER_OBJECT_CONVERSION = YES_AGGRESSIVE;
				CLANG_CXX_LANGUAGE_STANDARD = "gnu++20";
				CLANG_ENABLE_MODULES = YES;
				CLANG_ENABLE_OBJC_ARC = YES;
				CLANG_ENABLE_OBJC_WEAK = YES;
				CLANG_WARN_BLOCK_CAPTURE_AUTORELEASING = YES;
				CLANG_WARN_BOOL_CONVERSION = YES;
				CLANG_WARN_COMMA = YES;
				CLANG_WARN_CONSTANT_CONVERSION = YES;
				CLANG_WARN_DEPRECATED_OBJC_IMPLEMENTATIONS = YES;
				CLANG_WARN_DIRECT_OBJC_ISA_USAGE = YES_ERROR;
				CLANG_WARN_DOCUMENTATION_COMMENTS = YES;
				CLANG_WARN_EMPTY_BODY = YES;
				CLANG_WARN_ENUM_CONVERSION = YES;
				CLANG_WARN_INFINITE_RECURSION = YES;
				CLANG_WARN_INT_CONVERSION = YES;
				CLANG_WARN_NON_LITERAL_NULL_CONVERSION = YES;
				CLANG_WARN_OBJC_IMPLICIT_RETAIN_SELF = YES;
				CLANG_WARN_OBJC_LITERAL_CONVERSION = YES;
				CLANG_WARN_OBJC_ROOT_CLASS = YES_ERROR;
				CLANG_WARN_QUOTED_INCLUDE_IN_FRAMEWORK_HEADER = YES;
				CLANG_WARN_RANGE_LOOP_ANALYSIS = YES;
				CLANG_WARN_STRICT_PROTOTYPES = YES;
				CLANG_WARN_SUSPICIOUS_MOVE = YES;
				CLANG_WARN_UNGUARDED_AVAILABILITY = YES_AGGRESSIVE;
				CLANG_WARN_UNREACHABLE_CODE = YES;
				CLANG_WARN__DUPLICATE_METHOD_MATCH = YES;
				COPY_PHASE_STRIP = NO;
				DEBUG_INFORMATION_FORMAT = "dwarf-with-dsym";
				ENABLE_NS_ASSERTIONS = NO;
				ENABLE_STRICT_OBJC_MSGSEND = YES;
				GCC_C_LANGUAGE_STANDARD = gnu11;
				GCC_NO_COMMON_BLOCKS = YES;
				GCC_WARN_64_TO_32_BIT_CONVERSION = YES;
				GCC_WARN_ABOUT_RETURN_TYPE = YES_ERROR;
				GCC_WARN_UNDECLARED_SELECTOR = YES;
				GCC_WARN_UNINITIALIZED_AUTOS = YES_AGGRESSIVE;
				GCC_WARN_UNUSED_FUNCTION = YES;
				GCC_WARN_UNUSED_VARIABLE = YES;
				IPHONEOS_DEPLOYMENT_TARGET = 16.2;
				MTL_ENABLE_DEBUG_INFO = NO;
				MTL_FAST_MATH = YES;
				SDKROOT = iphoneos;
				SWIFT_COMPILATION_MODE = wholemodule;
				SWIFT_OPTIMIZATION_LEVEL = "-O";
				VALIDATE_PRODUCT = YES;
			};
			name = Release;
		};
		550B4BEF29B5B02E00039933 /* Debug */ = {
			isa = XCBuildConfiguration;
			baseConfigurationReference = CB82F1F806E77DE32628B3DF /* Pods-FreeOnBoarding.debug.xcconfig */;
			buildSettings = {
				ASSETCATALOG_COMPILER_APPICON_NAME = AppIcon;
				ASSETCATALOG_COMPILER_GLOBAL_ACCENT_COLOR_NAME = AccentColor;
				CODE_SIGN_STYLE = Automatic;
				CURRENT_PROJECT_VERSION = 1;
				DEVELOPMENT_TEAM = N7B3VPVQX3;
				GENERATE_INFOPLIST_FILE = YES;
				INFOPLIST_FILE = FreeOnBoarding/Info.plist;
				INFOPLIST_KEY_UIApplicationSupportsIndirectInputEvents = YES;
				INFOPLIST_KEY_UILaunchStoryboardName = LaunchScreen;
				INFOPLIST_KEY_UIMainStoryboardFile = Main;
				INFOPLIST_KEY_UISupportedInterfaceOrientations_iPad = "UIInterfaceOrientationPortrait UIInterfaceOrientationPortraitUpsideDown UIInterfaceOrientationLandscapeLeft UIInterfaceOrientationLandscapeRight";
				INFOPLIST_KEY_UISupportedInterfaceOrientations_iPhone = "UIInterfaceOrientationPortrait UIInterfaceOrientationLandscapeLeft UIInterfaceOrientationLandscapeRight";
				LD_RUNPATH_SEARCH_PATHS = (
					"$(inherited)",
					"@executable_path/Frameworks",
				);
				MARKETING_VERSION = 1.0;
				PRODUCT_BUNDLE_IDENTIFIER = com.colin.FreeOnBoarding;
				PRODUCT_NAME = "$(TARGET_NAME)";
				SWIFT_EMIT_LOC_STRINGS = YES;
				SWIFT_VERSION = 5.0;
				TARGETED_DEVICE_FAMILY = "1,2";
			};
			name = Debug;
		};
		550B4BF029B5B02E00039933 /* Release */ = {
			isa = XCBuildConfiguration;
			baseConfigurationReference = 68F3916FC0348AB3DDA47EDC /* Pods-FreeOnBoarding.release.xcconfig */;
			buildSettings = {
				ASSETCATALOG_COMPILER_APPICON_NAME = AppIcon;
				ASSETCATALOG_COMPILER_GLOBAL_ACCENT_COLOR_NAME = AccentColor;
				CODE_SIGN_STYLE = Automatic;
				CURRENT_PROJECT_VERSION = 1;
				DEVELOPMENT_TEAM = N7B3VPVQX3;
				GENERATE_INFOPLIST_FILE = YES;
				INFOPLIST_FILE = FreeOnBoarding/Info.plist;
				INFOPLIST_KEY_UIApplicationSupportsIndirectInputEvents = YES;
				INFOPLIST_KEY_UILaunchStoryboardName = LaunchScreen;
				INFOPLIST_KEY_UIMainStoryboardFile = Main;
				INFOPLIST_KEY_UISupportedInterfaceOrientations_iPad = "UIInterfaceOrientationPortrait UIInterfaceOrientationPortraitUpsideDown UIInterfaceOrientationLandscapeLeft UIInterfaceOrientationLandscapeRight";
				INFOPLIST_KEY_UISupportedInterfaceOrientations_iPhone = "UIInterfaceOrientationPortrait UIInterfaceOrientationLandscapeLeft UIInterfaceOrientationLandscapeRight";
				LD_RUNPATH_SEARCH_PATHS = (
					"$(inherited)",
					"@executable_path/Frameworks",
				);
				MARKETING_VERSION = 1.0;
				PRODUCT_BUNDLE_IDENTIFIER = com.colin.FreeOnBoarding;
				PRODUCT_NAME = "$(TARGET_NAME)";
				SWIFT_EMIT_LOC_STRINGS = YES;
				SWIFT_VERSION = 5.0;
				TARGETED_DEVICE_FAMILY = "1,2";
			};
			name = Release;
		};
/* End XCBuildConfiguration section */

/* Begin XCConfigurationList section */
		550B4BD529B5B02D00039933 /* Build configuration list for PBXProject "FreeOnBoarding" */ = {
			isa = XCConfigurationList;
			buildConfigurations = (
				550B4BEC29B5B02E00039933 /* Debug */,
				550B4BED29B5B02E00039933 /* Release */,
			);
			defaultConfigurationIsVisible = 0;
			defaultConfigurationName = Release;
		};
		550B4BEE29B5B02E00039933 /* Build configuration list for PBXNativeTarget "FreeOnBoarding" */ = {
			isa = XCConfigurationList;
			buildConfigurations = (
				550B4BEF29B5B02E00039933 /* Debug */,
				550B4BF029B5B02E00039933 /* Release */,
			);
			defaultConfigurationIsVisible = 0;
			defaultConfigurationName = Release;
		};
/* End XCConfigurationList section */
	};
	rootObject = 550B4BD229B5B02D00039933 /* Project object */;
}
